
Microsoft Visual Studio Solution File, Format Version 12.00
# Visual Studio Version 16
VisualStudioVersion = 16.0.29806.167
MinimumVisualStudioVersion = 10.0.40219.1
Project("{FAE04EC0-301F-11D3-BF4B-00C04F79EFBC}") = "WebAPI", "WebAPI.csproj", "{2360E687-D099-4A3C-94EC-9AEBEC6E44C3}"
EndProject
Global
	GlobalSection(SolutionConfigurationPlatforms) = preSolution
		Debug|Any CPU = Debug|Any CPU
		Release|Any CPU = Release|Any CPU
	EndGlobalSection
	GlobalSection(ProjectConfigurationPlatforms) = postSolution
		{2360E687-D099-4A3C-94EC-9AEBEC6E44C3}.Debug|Any CPU.ActiveCfg = Debug|Any CPU
		{2360E687-D099-4A3C-94EC-9AEBEC6E44C3}.Debug|Any CPU.Build.0 = Debug|Any CPU
		{2360E687-D099-4A3C-94EC-9AEBEC6E44C3}.Release|Any CPU.ActiveCfg = Release|Any CPU
		{2360E687-D099-4A3C-94EC-9AEBEC6E44C3}.Release|Any CPU.Build.0 = Release|Any CPU
	EndGlobalSection
	GlobalSection(SolutionProperties) = preSolution
		HideSolutionNode = FALSE
	EndGlobalSection
	GlobalSection(ExtensibilityGlobals) = postSolution
		SolutionGuid = {782F329C-B006-4EE2-BBC3-6102A147D187}
	EndGlobalSection
EndGlobal
